
Microsoft Visual Studio Solution File, Format Version 12.00
# Visual Studio Version 17
VisualStudioVersion = 17.2.32616.157
MinimumVisualStudioVersion = 10.0.40219.1
Project("{9A19103F-16F7-4668-BE54-9A1E7A4F7556}") = "ApplicationSegurosWeb", "ApplicationSeguros\ApplicationSegurosWeb.csproj", "{43A1C029-FC32-42A7-AF18-A7CF36506C86}"
EndProject
Global
	GlobalSection(SolutionConfigurationPlatforms) = preSolution
		Debug|Any CPU = Debug|Any CPU
		Release|Any CPU = Release|Any CPU
	EndGlobalSection
	GlobalSection(ProjectConfigurationPlatforms) = postSolution
		{43A1C029-FC32-42A7-AF18-A7CF36506C86}.Debug|Any CPU.ActiveCfg = Debug|Any CPU
		{43A1C029-FC32-42A7-AF18-A7CF36506C86}.Debug|Any CPU.Build.0 = Debug|Any CPU
		{43A1C029-FC32-42A7-AF18-A7CF36506C86}.Release|Any CPU.ActiveCfg = Release|Any CPU
		{43A1C029-FC32-42A7-AF18-A7CF36506C86}.Release|Any CPU.Build.0 = Release|Any CPU
	EndGlobalSection
	GlobalSection(SolutionProperties) = preSolution
		HideSolutionNode = FALSE
	EndGlobalSection
	GlobalSection(ExtensibilityGlobals) = postSolution
		SolutionGuid = {F0B98C02-635D-4797-8274-521C38AC9510}
	EndGlobalSection
EndGlobal
